
Microsoft Visual Studio Solution File, Format Version 12.00
# Visual Studio Version 16
VisualStudioVersion = 16.0.30002.166
MinimumVisualStudioVersion = 10.0.40219.1
Project("{9A19103F-16F7-4668-BE54-9A1E7A4F7556}") = "ESService", "ESService\ESService.csproj", "{42336EAC-2D1E-49A6-9230-0ED6D7523F70}"
EndProject
Project("{FAE04EC0-301F-11D3-BF4B-00C04F79EFBC}") = "ES.Data", "ES.Data\ES.Data.csproj", "{D6F4A7CC-32B5-4A88-84C4-7A47497C0BF7}"
EndProject
Global
	GlobalSection(SolutionConfigurationPlatforms) = preSolution
		Debug|Any CPU = Debug|Any CPU
		Release|Any CPU = Release|Any CPU
	EndGlobalSection
	GlobalSection(ProjectConfigurationPlatforms) = postSolution
		{42336EAC-2D1E-49A6-9230-0ED6D7523F70}.Debug|Any CPU.ActiveCfg = Debug|Any CPU
		{42336EAC-2D1E-49A6-9230-0ED6D7523F70}.Debug|Any CPU.Build.0 = Debug|Any CPU
		{42336EAC-2D1E-49A6-9230-0ED6D7523F70}.Release|Any CPU.ActiveCfg = Release|Any CPU
		{42336EAC-2D1E-49A6-9230-0ED6D7523F70}.Release|Any CPU.Build.0 = Release|Any CPU
		{D6F4A7CC-32B5-4A88-84C4-7A47497C0BF7}.Debug|Any CPU.ActiveCfg = Debug|Any CPU
		{D6F4A7CC-32B5-4A88-84C4-7A47497C0BF7}.Debug|Any CPU.Build.0 = Debug|Any CPU
		{D6F4A7CC-32B5-4A88-84C4-7A47497C0BF7}.Release|Any CPU.ActiveCfg = Release|Any CPU
		{D6F4A7CC-32B5-4A88-84C4-7A47497C0BF7}.Release|Any CPU.Build.0 = Release|Any CPU
	EndGlobalSection
	GlobalSection(SolutionProperties) = preSolution
		HideSolutionNode = FALSE
	EndGlobalSection
	GlobalSection(ExtensibilityGlobals) = postSolution
		SolutionGuid = {F2B6EEA4-F34E-4205-B535-0EFE1FF6CC11}
	EndGlobalSection
EndGlobal
